
Microsoft Visual Studio Solution File, Format Version 12.00
# Visual Studio 15
VisualStudioVersion = 15.0.28307.329
MinimumVisualStudioVersion = 10.0.40219.1
Project("{FAE04EC0-301F-11D3-BF4B-00C04F79EFBC}") = "BankaHesapUygulaması-3Nisan2019", "BankaHesapUygulaması-3Nisan2019\BankaHesapUygulaması-3Nisan2019.csproj", "{F95BD17E-A4F0-42FD-93EF-C3E341AADDAA}"
EndProject
Global
	GlobalSection(SolutionConfigurationPlatforms) = preSolution
		Debug|Any CPU = Debug|Any CPU
		Release|Any CPU = Release|Any CPU
	EndGlobalSection
	GlobalSection(ProjectConfigurationPlatforms) = postSolution
		{F95BD17E-A4F0-42FD-93EF-C3E341AADDAA}.Debug|Any CPU.ActiveCfg = Debug|Any CPU
		{F95BD17E-A4F0-42FD-93EF-C3E341AADDAA}.Debug|Any CPU.Build.0 = Debug|Any CPU
		{F95BD17E-A4F0-42FD-93EF-C3E341AADDAA}.Release|Any CPU.ActiveCfg = Release|Any CPU
		{F95BD17E-A4F0-42FD-93EF-C3E341AADDAA}.Release|Any CPU.Build.0 = Release|Any CPU
	EndGlobalSection
	GlobalSection(SolutionProperties) = preSolution
		HideSolutionNode = FALSE
	EndGlobalSection
	GlobalSection(ExtensibilityGlobals) = postSolution
		SolutionGuid = {0002B9DD-6F64-4640-873E-83FDAD7F5970}
	EndGlobalSection
EndGlobal
